
Microsoft Visual Studio Solution File, Format Version 12.00
# Visual Studio Version 17
VisualStudioVersion = 17.5.33516.290
MinimumVisualStudioVersion = 10.0.40219.1
Project("{F184B08F-C81C-45F6-A57F-5ABD9991F28F}") = "systema", "systema.vbproj", "{BA06CA6A-DF06-47EE-A328-83002D8B2EA1}"
EndProject
Global
	GlobalSection(SolutionConfigurationPlatforms) = preSolution
		Debug|Any CPU = Debug|Any CPU
		Debug|x86 = Debug|x86
		Release|Any CPU = Release|Any CPU
		Release|x86 = Release|x86
	EndGlobalSection
	GlobalSection(ProjectConfigurationPlatforms) = postSolution
		{BA06CA6A-DF06-47EE-A328-83002D8B2EA1}.Debug|Any CPU.ActiveCfg = Debug|Any CPU
		{BA06CA6A-DF06-47EE-A328-83002D8B2EA1}.Debug|Any CPU.Build.0 = Debug|Any CPU
		{BA06CA6A-DF06-47EE-A328-83002D8B2EA1}.Debug|x86.ActiveCfg = Debug|x86
		{BA06CA6A-DF06-47EE-A328-83002D8B2EA1}.Debug|x86.Build.0 = Debug|x86
		{BA06CA6A-DF06-47EE-A328-83002D8B2EA1}.Release|Any CPU.ActiveCfg = Release|Any CPU
		{BA06CA6A-DF06-47EE-A328-83002D8B2EA1}.Release|Any CPU.Build.0 = Release|Any CPU
		{BA06CA6A-DF06-47EE-A328-83002D8B2EA1}.Release|x86.ActiveCfg = Release|x86
		{BA06CA6A-DF06-47EE-A328-83002D8B2EA1}.Release|x86.Build.0 = Release|x86
	EndGlobalSection
	GlobalSection(SolutionProperties) = preSolution
		HideSolutionNode = FALSE
	EndGlobalSection
	GlobalSection(ExtensibilityGlobals) = postSolution
		SolutionGuid = {E32ADE94-F133-46BB-95F8-FE8C039C7F0E}
	EndGlobalSection
EndGlobal
